uuid: bb22739b-67f7-4db2-bb88-ae16ffd6a5f4
langcode: fr
status: true
dependencies:
  module:
    - sliders
  theme:
    - amicolor
id: slidersblock
theme: amicolor
region: header
weight: -6
provider: null
plugin: sliders_block
settings:
  id: sliders_block
  label: 'Sliders block'
  provider: sliders
  label_display: '0'
visibility: {  }
